
Microsoft Visual Studio Solution File, Format Version 12.00
# Visual Studio Version 16
VisualStudioVersion = 16.0.31313.79
MinimumVisualStudioVersion = 10.0.40219.1
Project("{F184B08F-C81C-45F6-A57F-5ABD9991F28F}") = "DataGridViewTest2", "DataGridViewTest2\DataGridViewTest2.vbproj", "{5050D228-66EE-4023-90A6-4757CD01D66D}"
EndProject
Global
	GlobalSection(SolutionConfigurationPlatforms) = preSolution
		Debug|Any CPU = Debug|Any CPU
		Release|Any CPU = Release|Any CPU
	EndGlobalSection
	GlobalSection(ProjectConfigurationPlatforms) = postSolution
		{5050D228-66EE-4023-90A6-4757CD01D66D}.Debug|Any CPU.ActiveCfg = Debug|Any CPU
		{5050D228-66EE-4023-90A6-4757CD01D66D}.Debug|Any CPU.Build.0 = Debug|Any CPU
		{5050D228-66EE-4023-90A6-4757CD01D66D}.Release|Any CPU.ActiveCfg = Release|Any CPU
		{5050D228-66EE-4023-90A6-4757CD01D66D}.Release|Any CPU.Build.0 = Release|Any CPU
	EndGlobalSection
	GlobalSection(SolutionProperties) = preSolution
		HideSolutionNode = FALSE
	EndGlobalSection
	GlobalSection(ExtensibilityGlobals) = postSolution
		SolutionGuid = {CB608423-420F-4F53-B0E1-3A7C17E84D70}
	EndGlobalSection
EndGlobal
