
Microsoft Visual Studio Solution File, Format Version 12.00
# Visual Studio Version 16
VisualStudioVersion = 16.0.35229.62
MinimumVisualStudioVersion = 10.0.40219.1
Project("{F184B08F-C81C-45F6-A57F-5ABD9991F28F}") = "VbUtility", "VbUtility\VbUtility.vbproj", "{5825DA7A-4D0E-4D11-96E5-378E5D66994B}"
EndProject
Project("{F184B08F-C81C-45F6-A57F-5ABD9991F28F}") = "CsvUtility", "CsvUtility\CsvUtility.vbproj", "{14EA99CB-6240-41FA-80EE-CA5C40DBEAB4}"
EndProject
Global
	GlobalSection(SolutionConfigurationPlatforms) = preSolution
		Debug|Any CPU = Debug|Any CPU
		Release|Any CPU = Release|Any CPU
	EndGlobalSection
	GlobalSection(ProjectConfigurationPlatforms) = postSolution
		{5825DA7A-4D0E-4D11-96E5-378E5D66994B}.Debug|Any CPU.ActiveCfg = Debug|Any CPU
		{5825DA7A-4D0E-4D11-96E5-378E5D66994B}.Debug|Any CPU.Build.0 = Debug|Any CPU
		{5825DA7A-4D0E-4D11-96E5-378E5D66994B}.Release|Any CPU.ActiveCfg = Release|Any CPU
		{5825DA7A-4D0E-4D11-96E5-378E5D66994B}.Release|Any CPU.Build.0 = Release|Any CPU
		{14EA99CB-6240-41FA-80EE-CA5C40DBEAB4}.Debug|Any CPU.ActiveCfg = Debug|Any CPU
		{14EA99CB-6240-41FA-80EE-CA5C40DBEAB4}.Debug|Any CPU.Build.0 = Debug|Any CPU
		{14EA99CB-6240-41FA-80EE-CA5C40DBEAB4}.Release|Any CPU.ActiveCfg = Release|Any CPU
		{14EA99CB-6240-41FA-80EE-CA5C40DBEAB4}.Release|Any CPU.Build.0 = Release|Any CPU
	EndGlobalSection
	GlobalSection(SolutionProperties) = preSolution
		HideSolutionNode = FALSE
	EndGlobalSection
	GlobalSection(ExtensibilityGlobals) = postSolution
		SolutionGuid = {71EF788B-B208-42B0-AC27-4BF3353E4314}
	EndGlobalSection
EndGlobal
