
Microsoft Visual Studio Solution File, Format Version 12.00
# Visual Studio Version 16
VisualStudioVersion = 16.0.35325.158
MinimumVisualStudioVersion = 10.0.40219.1
Project("{F184B08F-C81C-45F6-A57F-5ABD9991F28F}") = "MultiCsvExporter", "MultiCsvExporter\MultiCsvExporter.vbproj", "{D32C772D-95B7-4150-8202-23BC2EB11863}"
EndProject
Project("{F184B08F-C81C-45F6-A57F-5ABD9991F28F}") = "ExcelReaderPrj", "..\VbUtility\ExcelReaderPrj\ExcelReaderPrj.vbproj", "{5FE03FA5-290A-45BF-94EE-A1AC8041CA84}"
EndProject
Project("{F184B08F-C81C-45F6-A57F-5ABD9991F28F}") = "ExcelFormatChanger", "ExcelFormatChanger\ExcelFormatChanger.vbproj", "{B0164C6E-274D-4058-8370-D96A910ACA3C}"
EndProject
Global
	GlobalSection(SolutionConfigurationPlatforms) = preSolution
		Debug|Any CPU = Debug|Any CPU
		Release|Any CPU = Release|Any CPU
	EndGlobalSection
	GlobalSection(ProjectConfigurationPlatforms) = postSolution
		{D32C772D-95B7-4150-8202-23BC2EB11863}.Debug|Any CPU.ActiveCfg = Debug|Any CPU
		{D32C772D-95B7-4150-8202-23BC2EB11863}.Debug|Any CPU.Build.0 = Debug|Any CPU
		{D32C772D-95B7-4150-8202-23BC2EB11863}.Release|Any CPU.ActiveCfg = Release|Any CPU
		{D32C772D-95B7-4150-8202-23BC2EB11863}.Release|Any CPU.Build.0 = Release|Any CPU
		{5FE03FA5-290A-45BF-94EE-A1AC8041CA84}.Debug|Any CPU.ActiveCfg = Debug|Any CPU
		{5FE03FA5-290A-45BF-94EE-A1AC8041CA84}.Debug|Any CPU.Build.0 = Debug|Any CPU
		{5FE03FA5-290A-45BF-94EE-A1AC8041CA84}.Release|Any CPU.ActiveCfg = Release|Any CPU
		{5FE03FA5-290A-45BF-94EE-A1AC8041CA84}.Release|Any CPU.Build.0 = Release|Any CPU
		{B0164C6E-274D-4058-8370-D96A910ACA3C}.Debug|Any CPU.ActiveCfg = Debug|Any CPU
		{B0164C6E-274D-4058-8370-D96A910ACA3C}.Debug|Any CPU.Build.0 = Debug|Any CPU
		{B0164C6E-274D-4058-8370-D96A910ACA3C}.Release|Any CPU.ActiveCfg = Release|Any CPU
		{B0164C6E-274D-4058-8370-D96A910ACA3C}.Release|Any CPU.Build.0 = Release|Any CPU
	EndGlobalSection
	GlobalSection(SolutionProperties) = preSolution
		HideSolutionNode = FALSE
	EndGlobalSection
	GlobalSection(ExtensibilityGlobals) = postSolution
		SolutionGuid = {BB93B774-4066-4E13-84B5-EE5B03F59FEE}
	EndGlobalSection
EndGlobal
